
Microsoft Visual Studio Solution File, Format Version 12.00
# Visual Studio Version 17
VisualStudioVersion = 17.0.31912.275
MinimumVisualStudioVersion = 10.0.40219.1
Project("{9A19103F-16F7-4668-BE54-9A1E7A4F7556}") = "ModelBrowser3D.Browser", "ModelBrowser3D.Browser.csproj", "{63863755-015D-4057-964D-548FF1E07250}"
EndProject
Project("{FAE04EC0-301F-11D3-BF4B-00C04F79EFBC}") = "ModelBrowser3D.Data", "..\ModelBrowser3D.Data\ModelBrowser3D.Data.csproj", "{302B8655-FF1A-4AF7-BF8F-774A5491E36A}"
EndProject
Global
	GlobalSection(SolutionConfigurationPlatforms) = preSolution
		Debug|Any CPU = Debug|Any CPU
		Release|Any CPU = Release|Any CPU
	EndGlobalSection
	GlobalSection(ProjectConfigurationPlatforms) = postSolution
		{63863755-015D-4057-964D-548FF1E07250}.Debug|Any CPU.ActiveCfg = Debug|Any CPU
		{63863755-015D-4057-964D-548FF1E07250}.Debug|Any CPU.Build.0 = Debug|Any CPU
		{63863755-015D-4057-964D-548FF1E07250}.Release|Any CPU.ActiveCfg = Release|Any CPU
		{63863755-015D-4057-964D-548FF1E07250}.Release|Any CPU.Build.0 = Release|Any CPU
		{302B8655-FF1A-4AF7-BF8F-774A5491E36A}.Debug|Any CPU.ActiveCfg = Debug|Any CPU
		{302B8655-FF1A-4AF7-BF8F-774A5491E36A}.Debug|Any CPU.Build.0 = Debug|Any CPU
		{302B8655-FF1A-4AF7-BF8F-774A5491E36A}.Release|Any CPU.ActiveCfg = Release|Any CPU
		{302B8655-FF1A-4AF7-BF8F-774A5491E36A}.Release|Any CPU.Build.0 = Release|Any CPU
	EndGlobalSection
	GlobalSection(SolutionProperties) = preSolution
		HideSolutionNode = FALSE
	EndGlobalSection
	GlobalSection(ExtensibilityGlobals) = postSolution
		SolutionGuid = {AB23C660-B10B-44BD-AC7C-8D02630C743C}
	EndGlobalSection
EndGlobal
